// !$*UTF8*$!
{
	archiveVersion = 1;
	classes = {
	};
	objectVersion = 46;
	objects = {

/* Begin PBXBuildFile section */
		7895D21F02FA7E9E3B23A431 /* Pods_Property_One_Dragon.framework in Frameworks */ = {isa = PBXBuildFile; fileRef = 8AC7163AABB205054B666E78 /* Pods_Property_One_Dragon.framework */; };
		E5056D3E1F9EFDF000441F02 /* AppDelegate.swift in Sources */ = {isa = PBXBuildFile; fileRef = E5056D3D1F9EFDF000441F02 /* AppDelegate.swift */; };
		E5056D401F9EFDF000441F02 /* ViewController.swift in Sources */ = {isa = PBXBuildFile; fileRef = E5056D3F1F9EFDF000441F02 /* ViewController.swift */; };
		E5056D431F9EFDF000441F02 /* Main.storyboard in Resources */ = {isa = PBXBuildFile; fileRef = E5056D411F9EFDF000441F02 /* Main.storyboard */; };
		E5056D451F9EFDF000441F02 /* Assets.xcassets in Resources */ = {isa = PBXBuildFile; fileRef = E5056D441F9EFDF000441F02 /* Assets.xcassets */; };
		E5056D481F9EFDF000441F02 /* LaunchScreen.storyboard in Resources */ = {isa = PBXBuildFile; fileRef = E5056D461F9EFDF000441F02 /* LaunchScreen.storyboard */; };
		E5056D521F9F000B00441F02 /* PropertyViewController.swift in Sources */ = {isa = PBXBuildFile; fileRef = E5056D511F9F000B00441F02 /* PropertyViewController.swift */; };
		E5056D541FA18AEC00441F02 /* PropertyDetailViewController.swift in Sources */ = {isa = PBXBuildFile; fileRef = E5056D531FA18AEC00441F02 /* PropertyDetailViewController.swift */; };
		E5056D561FA19FE600441F02 /* Property.swift in Sources */ = {isa = PBXBuildFile; fileRef = E5056D551FA19FE600441F02 /* Property.swift */; };
		E5056D581FA2FCE000441F02 /* PropertyAddViewController.swift in Sources */ = {isa = PBXBuildFile; fileRef = E5056D571FA2FCE000441F02 /* PropertyAddViewController.swift */; };
		E5083B6C1FC2B12500CF9756 /* PaymentAddTableViewCellPicker.swift in Sources */ = {isa = PBXBuildFile; fileRef = E5083B6A1FC2B12500CF9756 /* PaymentAddTableViewCellPicker.swift */; };
		E5083B6D1FC2B12500CF9756 /* PaymentAddTableViewCellPicker.xib in Resources */ = {isa = PBXBuildFile; fileRef = E5083B6B1FC2B12500CF9756 /* PaymentAddTableViewCellPicker.xib */; };
		E521226420186FF60008F0E0 /* PlaceholderTableViewCell.swift in Sources */ = {isa = PBXBuildFile; fileRef = E521226220186FF60008F0E0 /* PlaceholderTableViewCell.swift */; };
		E521226520186FF60008F0E0 /* PlaceholderTableViewCell.xib in Resources */ = {isa = PBXBuildFile; fileRef = E521226320186FF60008F0E0 /* PlaceholderTableViewCell.xib */; };
		E5229249204243850006B5AD /* LeaseAgreementViewController.swift in Sources */ = {isa = PBXBuildFile; fileRef = E5229248204243850006B5AD /* LeaseAgreementViewController.swift */; };
		E522924C204364FC0006B5AD /* LeaseAgreementTableViewCell.swift in Sources */ = {isa = PBXBuildFile; fileRef = E522924A204364FC0006B5AD /* LeaseAgreementTableViewCell.swift */; };
		E522924D204364FC0006B5AD /* LeaseAgreementTableViewCell.xib in Resources */ = {isa = PBXBuildFile; fileRef = E522924B204364FC0006B5AD /* LeaseAgreementTableViewCell.xib */; };
		E52292502043B4490006B5AD /* LeaseAgreementShowViewController.swift in Sources */ = {isa = PBXBuildFile; fileRef = E522924F2043B4490006B5AD /* LeaseAgreementShowViewController.swift */; };
		E53853FB1FBC13DD0091C2E0 /* PaymentAddTableViewCellTextField.swift in Sources */ = {isa = PBXBuildFile; fileRef = E53853F91FBC13DD0091C2E0 /* PaymentAddTableViewCellTextField.swift */; };
		E53853FC1FBC13DD0091C2E0 /* PaymentAddTableViewCellTextField.xib in Resources */ = {isa = PBXBuildFile; fileRef = E53853FA1FBC13DD0091C2E0 /* PaymentAddTableViewCellTextField.xib */; };
		E53853FF1FBC14660091C2E0 /* PaymentAddTableViewCellSwitch.swift in Sources */ = {isa = PBXBuildFile; fileRef = E53853FD1FBC14660091C2E0 /* PaymentAddTableViewCellSwitch.swift */; };
		E53854001FBC14660091C2E0 /* PaymentAddTableViewCellSwitch.xib in Resources */ = {isa = PBXBuildFile; fileRef = E53853FE1FBC14660091C2E0 /* PaymentAddTableViewCellSwitch.xib */; };
		E539A19F203D4E45007B16D9 /* LeaseAgreementTenant.swift in Sources */ = {isa = PBXBuildFile; fileRef = E539A19E203D4E45007B16D9 /* LeaseAgreementTenant.swift */; };
		E539A1A2203E9067007B16D9 /* TenantsViewController.swift in Sources */ = {isa = PBXBuildFile; fileRef = E539A1A1203E9067007B16D9 /* TenantsViewController.swift */; };
		E539A1A5203E93B9007B16D9 /* TenantsTableViewCell.swift in Sources */ = {isa = PBXBuildFile; fileRef = E539A1A3203E93B9007B16D9 /* TenantsTableViewCell.swift */; };
		E539A1A6203E93B9007B16D9 /* TenantsTableViewCell.xib in Resources */ = {isa = PBXBuildFile; fileRef = E539A1A4203E93B9007B16D9 /* TenantsTableViewCell.xib */; };
		E539A1A8203EA095007B16D9 /* TenantNewViewController.swift in Sources */ = {isa = PBXBuildFile; fileRef = E539A1A7203EA095007B16D9 /* TenantNewViewController.swift */; };
		E53B2EBA1FFF318700E83866 /* Config.swift in Sources */ = {isa = PBXBuildFile; fileRef = E53B2EB91FFF318700E83866 /* Config.swift */; };
		E53B2EBD2007C57900E83866 /* Service.swift in Sources */ = {isa = PBXBuildFile; fileRef = E53B2EBC2007C57900E83866 /* Service.swift */; };
		E558776F20159C480012D483 /* LeaseAgreementAddViewController.swift in Sources */ = {isa = PBXBuildFile; fileRef = E558776E20159C480012D483 /* LeaseAgreementAddViewController.swift */; };
		E55877732015A3D00012D483 /* LAAddTableViewCell.swift in Sources */ = {isa = PBXBuildFile; fileRef = E55877712015A3D00012D483 /* LAAddTableViewCell.swift */; };
		E55877742015A3D00012D483 /* LAAddTableViewCell.xib in Resources */ = {isa = PBXBuildFile; fileRef = E55877722015A3D00012D483 /* LAAddTableViewCell.xib */; };
		E55877772015AEFE0012D483 /* LeaseAgreement.swift in Sources */ = {isa = PBXBuildFile; fileRef = E55877762015AEFE0012D483 /* LeaseAgreement.swift */; };
		E55877792015B3C00012D483 /* LeaseAgreementDetails.swift in Sources */ = {isa = PBXBuildFile; fileRef = E55877782015B3C00012D483 /* LeaseAgreementDetails.swift */; };
		E558777B2015BB3A0012D483 /* leaseFormViewController.swift in Sources */ = {isa = PBXBuildFile; fileRef = E558777A2015BB3A0012D483 /* leaseFormViewController.swift */; };
		E572FA951FC772BE00DA23F1 /* PaymentDetailTableViewCellText.swift in Sources */ = {isa = PBXBuildFile; fileRef = E572FA931FC772BE00DA23F1 /* PaymentDetailTableViewCellText.swift */; };
		E572FA961FC772BF00DA23F1 /* PaymentDetailTableViewCellText.xib in Resources */ = {isa = PBXBuildFile; fileRef = E572FA941FC772BE00DA23F1 /* PaymentDetailTableViewCellText.xib */; };
		E586EE001FB2A5FA00D7EB8F /* PropertyViewCustomCell.swift in Sources */ = {isa = PBXBuildFile; fileRef = E586EDFF1FB2A5FA00D7EB8F /* PropertyViewCustomCell.swift */; };
		E5A0C4711FC8AB0000F55681 /* StructCollection.swift in Sources */ = {isa = PBXBuildFile; fileRef = E5A0C4701FC8AB0000F55681 /* StructCollection.swift */; };
		E5A0C4771FC8C2D000F55681 /* PropertyDetailTableViewCellText.swift in Sources */ = {isa = PBXBuildFile; fileRef = E5A0C4751FC8C2D000F55681 /* PropertyDetailTableViewCellText.swift */; };
		E5A0C4781FC8C2D000F55681 /* PropertyDetailTableViewCellText.xib in Resources */ = {isa = PBXBuildFile; fileRef = E5A0C4761FC8C2D000F55681 /* PropertyDetailTableViewCellText.xib */; };
		E5A0C47B1FC8C48300F55681 /* PropertyDetailTableViewCellWithButton.swift in Sources */ = {isa = PBXBuildFile; fileRef = E5A0C4791FC8C48300F55681 /* PropertyDetailTableViewCellWithButton.swift */; };
		E5A0C47C1FC8C48300F55681 /* PropertyDetailTableViewCellWithButton.xib in Resources */ = {isa = PBXBuildFile; fileRef = E5A0C47A1FC8C48300F55681 /* PropertyDetailTableViewCellWithButton.xib */; };
		E5A782CC1FEE033100C4C71D /* PaymentDetailTableViewCellNotes.swift in Sources */ = {isa = PBXBuildFile; fileRef = E5A782CA1FEE033100C4C71D /* PaymentDetailTableViewCellNotes.swift */; };
		E5A782CD1FEE033100C4C71D /* PaymentDetailTableViewCellNotes.xib in Resources */ = {isa = PBXBuildFile; fileRef = E5A782CB1FEE033100C4C71D /* PaymentDetailTableViewCellNotes.xib */; };
		E5A782D11FF6F84000C4C71D /* ProfileSettingViewController.swift in Sources */ = {isa = PBXBuildFile; fileRef = E5A782CF1FF6F84000C4C71D /* ProfileSettingViewController.swift */; };
		E5A782D51FF9828F00C4C71D /* HomePageViewController.swift in Sources */ = {isa = PBXBuildFile; fileRef = E5A782D41FF9828F00C4C71D /* HomePageViewController.swift */; };
		E5A782D91FFA079000C4C71D /* UserSignUpViewController.swift in Sources */ = {isa = PBXBuildFile; fileRef = E5A782D81FFA079000C4C71D /* UserSignUpViewController.swift */; };
		E5AA53211FDE362A00A1FBE2 /* PaymentAddTableViewCellButton.swift in Sources */ = {isa = PBXBuildFile; fileRef = E5AA531F1FDE362A00A1FBE2 /* PaymentAddTableViewCellButton.swift */; };
		E5AA53221FDE362A00A1FBE2 /* PaymentAddTableViewCellButton.xib in Resources */ = {isa = PBXBuildFile; fileRef = E5AA53201FDE362A00A1FBE2 /* PaymentAddTableViewCellButton.xib */; };
		E5AA53261FDE70AF00A1FBE2 /* PaymentTableViewCell.swift in Sources */ = {isa = PBXBuildFile; fileRef = E5AA53241FDE70AF00A1FBE2 /* PaymentTableViewCell.swift */; };
		E5AA53271FDE70AF00A1FBE2 /* PaymentTableViewCell.xib in Resources */ = {isa = PBXBuildFile; fileRef = E5AA53251FDE70AF00A1FBE2 /* PaymentTableViewCell.xib */; };
		E5B9DC5D1FAA36F3000C1999 /* PaymentDetailViewController.swift in Sources */ = {isa = PBXBuildFile; fileRef = E5B9DC5C1FAA36F3000C1999 /* PaymentDetailViewController.swift */; };
		E5C27FA61FA700D70002FC7A /* Payment.swift in Sources */ = {isa = PBXBuildFile; fileRef = E5C27FA51FA700D70002FC7A /* Payment.swift */; };
		E5C27FA81FA838600002FC7A /* PaymentViewController.swift in Sources */ = {isa = PBXBuildFile; fileRef = E5C27FA71FA838600002FC7A /* PaymentViewController.swift */; };
		E5C27FAA1FA838700002FC7A /* PaymentAddViewController.swift in Sources */ = {isa = PBXBuildFile; fileRef = E5C27FA91FA838700002FC7A /* PaymentAddViewController.swift */; };
		E5C4A6031FEB781E00F08092 /* PaymentDetailTextViewController.swift in Sources */ = {isa = PBXBuildFile; fileRef = E5C4A6021FEB781E00F08092 /* PaymentDetailTextViewController.swift */; };
		E5C4A6061FEB833D00F08092 /* PaymentAddTableViewCellTextView.swift in Sources */ = {isa = PBXBuildFile; fileRef = E5C4A6041FEB833D00F08092 /* PaymentAddTableViewCellTextView.swift */; };
		E5C4A6071FEB833D00F08092 /* PaymentAddTableViewCellTextView.xib in Resources */ = {isa = PBXBuildFile; fileRef = E5C4A6051FEB833D00F08092 /* PaymentAddTableViewCellTextView.xib */; };
		E5ED69EC1FCBBE6700FC5E1C /* GoogleService-Info.plist in Resources */ = {isa = PBXBuildFile; fileRef = E5ED69EB1FCBBE6600FC5E1C /* GoogleService-Info.plist */; };
		E5ED69F01FCFDA9E00FC5E1C /* PropertyViewTableViewCell.swift in Sources */ = {isa = PBXBuildFile; fileRef = E5ED69EE1FCFDA9E00FC5E1C /* PropertyViewTableViewCell.swift */; };
		E5ED69F11FCFDA9E00FC5E1C /* PropertyViewTableViewCell.xib in Resources */ = {isa = PBXBuildFile; fileRef = E5ED69EF1FCFDA9E00FC5E1C /* PropertyViewTableViewCell.xib */; };
/* End PBXBuildFile section */

/* Begin PBXFileReference section */
		2334945973566B9BE5F1B79B /* Pods-Property_One_Dragon.release.xcconfig */ = {isa = PBXFileReference; includeInIndex = 1; lastKnownFileType = text.xcconfig; name = "Pods-Property_One_Dragon.release.xcconfig"; path = "Pods/Target Support Files/Pods-Property_One_Dragon/Pods-Property_One_Dragon.release.xcconfig"; sourceTree = "<group>"; };
		29961CF744516238C7BCC217 /* Pods-Property_One_Dragon.debug.xcconfig */ = {isa = PBXFileReference; includeInIndex = 1; lastKnownFileType = text.xcconfig; name = "Pods-Property_One_Dragon.debug.xcconfig"; path = "Pods/Target Support Files/Pods-Property_One_Dragon/Pods-Property_One_Dragon.debug.xcconfig"; sourceTree = "<group>"; };
		8AC7163AABB205054B666E78 /* Pods_Property_One_Dragon.framework */ = {isa = PBXFileReference; explicitFileType = wrapper.framework; includeInIndex = 0; path = Pods_Property_One_Dragon.framework; sourceTree = BUILT_PRODUCTS_DIR; };
		E5056D3A1F9EFDF000441F02 /* Property_One_Dragon.app */ = {isa = PBXFileReference; explicitFileType = wrapper.application; includeInIndex = 0; path = Property_One_Dragon.app; sourceTree = BUILT_PRODUCTS_DIR; };
		E5056D3D1F9EFDF000441F02 /* AppDelegate.swift */ = {isa = PBXFileReference; lastKnownFileType = sourcecode.swift; path = AppDelegate.swift; sourceTree = "<group>"; };
		E5056D3F1F9EFDF000441F02 /* ViewController.swift */ = {isa = PBXFileReference; lastKnownFileType = sourcecode.swift; path = ViewController.swift; sourceTree = "<group>"; };
		E5056D421F9EFDF000441F02 /* Base */ = {isa = PBXFileReference; lastKnownFileType = file.storyboard; name = Base; path = Base.lproj/Main.storyboard; sourceTree = "<group>"; };
		E5056D441F9EFDF000441F02 /* Assets.xcassets */ = {isa = PBXFileReference; lastKnownFileType = folder.assetcatalog; path = Assets.xcassets; sourceTree = "<group>"; };
		E5056D471F9EFDF000441F02 /* Base */ = {isa = PBXFileReference; lastKnownFileType = file.storyboard; name = Base; path = Base.lproj/LaunchScreen.storyboard; sourceTree = "<group>"; };
		E5056D491F9EFDF000441F02 /* Info.plist */ = {isa = PBXFileReference; lastKnownFileType = text.plist.xml; path = Info.plist; sourceTree = "<group>"; };
		E5056D511F9F000B00441F02 /* PropertyViewController.swift */ = {isa = PBXFileReference; fileEncoding = 4; lastKnownFileType = sourcecode.swift; path = PropertyViewController.swift; sourceTree = "<group>"; };
		E5056D531FA18AEC00441F02 /* PropertyDetailViewController.swift */ = {isa = PBXFileReference; fileEncoding = 4; lastKnownFileType = sourcecode.swift; path = PropertyDetailViewController.swift; sourceTree = "<group>"; };
		E5056D551FA19FE600441F02 /* Property.swift */ = {isa = PBXFileReference; fileEncoding = 4; lastKnownFileType = sourcecode.swift; path = Property.swift; sourceTree = "<group>"; };
		E5056D571FA2FCE000441F02 /* PropertyAddViewController.swift */ = {isa = PBXFileReference; fileEncoding = 4; lastKnownFileType = sourcecode.swift; path = PropertyAddViewController.swift; sourceTree = "<group>"; };
		E5083B6A1FC2B12500CF9756 /* PaymentAddTableViewCellPicker.swift */ = {isa = PBXFileReference; fileEncoding = 4; lastKnownFileType = sourcecode.swift; path = PaymentAddTableViewCellPicker.swift; sourceTree = "<group>"; };
		E5083B6B1FC2B12500CF9756 /* PaymentAddTableViewCellPicker.xib */ = {isa = PBXFileReference; fileEncoding = 4; lastKnownFileType = file.xib; path = PaymentAddTableViewCellPicker.xib; sourceTree = "<group>"; };
		E521226220186FF60008F0E0 /* PlaceholderTableViewCell.swift */ = {isa = PBXFileReference; lastKnownFileType = sourcecode.swift; name = PlaceholderTableViewCell.swift; path = Property_One_Dragon/PlaceholderTableViewCell.swift; sourceTree = SOURCE_ROOT; };
		E521226320186FF60008F0E0 /* PlaceholderTableViewCell.xib */ = {isa = PBXFileReference; lastKnownFileType = file.xib; name = PlaceholderTableViewCell.xib; path = Property_One_Dragon/PlaceholderTableViewCell.xib; sourceTree = SOURCE_ROOT; };
		E5229248204243850006B5AD /* LeaseAgreementViewController.swift */ = {isa = PBXFileReference; lastKnownFileType = sourcecode.swift; path = LeaseAgreementViewController.swift; sourceTree = "<group>"; };
		E522924A204364FC0006B5AD /* LeaseAgreementTableViewCell.swift */ = {isa = PBXFileReference; lastKnownFileType = sourcecode.swift; path = LeaseAgreementTableViewCell.swift; sourceTree = "<group>"; };
		E522924B204364FC0006B5AD /* LeaseAgreementTableViewCell.xib */ = {isa = PBXFileReference; lastKnownFileType = file.xib; path = LeaseAgreementTableViewCell.xib; sourceTree = "<group>"; };
		E522924F2043B4490006B5AD /* LeaseAgreementShowViewController.swift */ = {isa = PBXFileReference; lastKnownFileType = sourcecode.swift; path = LeaseAgreementShowViewController.swift; sourceTree = "<group>"; };
		E53853F91FBC13DD0091C2E0 /* PaymentAddTableViewCellTextField.swift */ = {isa = PBXFileReference; fileEncoding = 4; lastKnownFileType = sourcecode.swift; path = PaymentAddTableViewCellTextField.swift; sourceTree = "<group>"; };
		E53853FA1FBC13DD0091C2E0 /* PaymentAddTableViewCellTextField.xib */ = {isa = PBXFileReference; fileEncoding = 4; lastKnownFileType = file.xib; path = PaymentAddTableViewCellTextField.xib; sourceTree = "<group>"; };
		E53853FD1FBC14660091C2E0 /* PaymentAddTableViewCellSwitch.swift */ = {isa = PBXFileReference; fileEncoding = 4; lastKnownFileType = sourcecode.swift; path = PaymentAddTableViewCellSwitch.swift; sourceTree = "<group>"; };
		E53853FE1FBC14660091C2E0 /* PaymentAddTableViewCellSwitch.xib */ = {isa = PBXFileReference; fileEncoding = 4; lastKnownFileType = file.xib; path = PaymentAddTableViewCellSwitch.xib; sourceTree = "<group>"; };
		E539A19E203D4E45007B16D9 /* LeaseAgreementTenant.swift */ = {isa = PBXFileReference; lastKnownFileType = sourcecode.swift; path = LeaseAgreementTenant.swift; sourceTree = "<group>"; };
		E539A1A1203E9067007B16D9 /* TenantsViewController.swift */ = {isa = PBXFileReference; lastKnownFileType = sourcecode.swift; path = TenantsViewController.swift; sourceTree = "<group>"; };
		E539A1A3203E93B9007B16D9 /* TenantsTableViewCell.swift */ = {isa = PBXFileReference; lastKnownFileType = sourcecode.swift; path = TenantsTableViewCell.swift; sourceTree = "<group>"; };
		E539A1A4203E93B9007B16D9 /* TenantsTableViewCell.xib */ = {isa = PBXFileReference; lastKnownFileType = file.xib; path = TenantsTableViewCell.xib; sourceTree = "<group>"; };
		E539A1A7203EA095007B16D9 /* TenantNewViewController.swift */ = {isa = PBXFileReference; lastKnownFileType = sourcecode.swift; path = TenantNewViewController.swift; sourceTree = "<group>"; };
		E53B2EB91FFF318700E83866 /* Config.swift */ = {isa = PBXFileReference; lastKnownFileType = sourcecode.swift; path = Config.swift; sourceTree = "<group>"; };
		E53B2EBC2007C57900E83866 /* Service.swift */ = {isa = PBXFileReference; lastKnownFileType = sourcecode.swift; path = Service.swift; sourceTree = "<group>"; };
		E558776E20159C480012D483 /* LeaseAgreementAddViewController.swift */ = {isa = PBXFileReference; lastKnownFileType = sourcecode.swift; path = LeaseAgreementAddViewController.swift; sourceTree = "<group>"; };
		E55877712015A3D00012D483 /* LAAddTableViewCell.swift */ = {isa = PBXFileReference; lastKnownFileType = sourcecode.swift; path = LAAddTableViewCell.swift; sourceTree = "<group>"; };
		E55877722015A3D00012D483 /* LAAddTableViewCell.xib */ = {isa = PBXFileReference; lastKnownFileType = file.xib; path = LAAddTableViewCell.xib; sourceTree = "<group>"; };
		E55877762015AEFE0012D483 /* LeaseAgreement.swift */ = {isa = PBXFileReference; lastKnownFileType = sourcecode.swift; path = LeaseAgreement.swift; sourceTree = "<group>"; };
		E55877782015B3C00012D483 /* LeaseAgreementDetails.swift */ = {isa = PBXFileReference; lastKnownFileType = sourcecode.swift; path = LeaseAgreementDetails.swift; sourceTree = "<group>"; };
		E558777A2015BB3A0012D483 /* leaseFormViewController.swift */ = {isa = PBXFileReference; lastKnownFileType = sourcecode.swift; path = leaseFormViewController.swift; sourceTree = "<group>"; };
		E572FA931FC772BE00DA23F1 /* PaymentDetailTableViewCellText.swift */ = {isa = PBXFileReference; lastKnownFileType = sourcecode.swift; path = PaymentDetailTableViewCellText.swift; sourceTree = "<group>"; };
		E572FA941FC772BE00DA23F1 /* PaymentDetailTableViewCellText.xib */ = {isa = PBXFileReference; lastKnownFileType = file.xib; path = PaymentDetailTableViewCellText.xib; sourceTree = "<group>"; };
		E586EDFF1FB2A5FA00D7EB8F /* PropertyViewCustomCell.swift */ = {isa = PBXFileReference; fileEncoding = 4; lastKnownFileType = sourcecode.swift; path = PropertyViewCustomCell.swift; sourceTree = "<group>"; };
		E5A0C4701FC8AB0000F55681 /* StructCollection.swift */ = {isa = PBXFileReference; lastKnownFileType = sourcecode.swift; path = StructCollection.swift; sourceTree = "<group>"; };
		E5A0C4751FC8C2D000F55681 /* PropertyDetailTableViewCellText.swift */ = {isa = PBXFileReference; lastKnownFileType = sourcecode.swift; path = PropertyDetailTableViewCellText.swift; sourceTree = "<group>"; };
		E5A0C4761FC8C2D000F55681 /* PropertyDetailTableViewCellText.xib */ = {isa = PBXFileReference; lastKnownFileType = file.xib; path = PropertyDetailTableViewCellText.xib; sourceTree = "<group>"; };
		E5A0C4791FC8C48300F55681 /* PropertyDetailTableViewCellWithButton.swift */ = {isa = PBXFileReference; lastKnownFileType = sourcecode.swift; path = PropertyDetailTableViewCellWithButton.swift; sourceTree = "<group>"; };
		E5A0C47A1FC8C48300F55681 /* PropertyDetailTableViewCellWithButton.xib */ = {isa = PBXFileReference; lastKnownFileType = file.xib; path = PropertyDetailTableViewCellWithButton.xib; sourceTree = "<group>"; };
		E5A782CA1FEE033100C4C71D /* PaymentDetailTableViewCellNotes.swift */ = {isa = PBXFileReference; lastKnownFileType = sourcecode.swift; path = PaymentDetailTableViewCellNotes.swift; sourceTree = "<group>"; };
		E5A782CB1FEE033100C4C71D /* PaymentDetailTableViewCellNotes.xib */ = {isa = PBXFileReference; lastKnownFileType = file.xib; path = PaymentDetailTableViewCellNotes.xib; sourceTree = "<group>"; };
		E5A782CF1FF6F84000C4C71D /* ProfileSettingViewController.swift */ = {isa = PBXFileReference; lastKnownFileType = sourcecode.swift; path = ProfileSettingViewController.swift; sourceTree = "<group>"; };
		E5A782D31FF8C1E700C4C71D /* Property_One_Dragon.entitlements */ = {isa = PBXFileReference; lastKnownFileType = text.plist.entitlements; path = Property_One_Dragon.entitlements; sourceTree = "<group>"; };
		E5A782D41FF9828F00C4C71D /* HomePageViewController.swift */ = {isa = PBXFileReference; lastKnownFileType = sourcecode.swift; path = HomePageViewController.swift; sourceTree = "<group>"; };
		E5A782D81FFA079000C4C71D /* UserSignUpViewController.swift */ = {isa = PBXFileReference; lastKnownFileType = sourcecode.swift; path = UserSignUpViewController.swift; sourceTree = "<group>"; };
		E5AA531F1FDE362A00A1FBE2 /* PaymentAddTableViewCellButton.swift */ = {isa = PBXFileReference; lastKnownFileType = sourcecode.swift; path = PaymentAddTableViewCellButton.swift; sourceTree = "<group>"; };
		E5AA53201FDE362A00A1FBE2 /* PaymentAddTableViewCellButton.xib */ = {isa = PBXFileReference; lastKnownFileType = file.xib; path = PaymentAddTableViewCellButton.xib; sourceTree = "<group>"; };
		E5AA53241FDE70AF00A1FBE2 /* PaymentTableViewCell.swift */ = {isa = PBXFileReference; lastKnownFileType = sourcecode.swift; path = PaymentTableViewCell.swift; sourceTree = "<group>"; };
		E5AA53251FDE70AF00A1FBE2 /* PaymentTableViewCell.xib */ = {isa = PBXFileReference; lastKnownFileType = file.xib; path = PaymentTableViewCell.xib; sourceTree = "<group>"; };
		E5B9DC5C1FAA36F3000C1999 /* PaymentDetailViewController.swift */ = {isa = PBXFileReference; fileEncoding = 4; lastKnownFileType = sourcecode.swift; path = PaymentDetailViewController.swift; sourceTree = "<group>"; };
		E5C27FA51FA700D70002FC7A /* Payment.swift */ = {isa = PBXFileReference; fileEncoding = 4; lastKnownFileType = sourcecode.swift; path = Payment.swift; sourceTree = "<group>"; };
		E5C27FA71FA838600002FC7A /* PaymentViewController.swift */ = {isa = PBXFileReference; fileEncoding = 4; lastKnownFileType = sourcecode.swift; path = PaymentViewController.swift; sourceTree = "<group>"; };
		E5C27FA91FA838700002FC7A /* PaymentAddViewController.swift */ = {isa = PBXFileReference; fileEncoding = 4; lastKnownFileType = sourcecode.swift; path = PaymentAddViewController.swift; sourceTree = "<group>"; };
		E5C4A6021FEB781E00F08092 /* PaymentDetailTextViewController.swift */ = {isa = PBXFileReference; lastKnownFileType = sourcecode.swift; path = PaymentDetailTextViewController.swift; sourceTree = "<group>"; };
		E5C4A6041FEB833D00F08092 /* PaymentAddTableViewCellTextView.swift */ = {isa = PBXFileReference; lastKnownFileType = sourcecode.swift; path = PaymentAddTableViewCellTextView.swift; sourceTree = "<group>"; };
		E5C4A6051FEB833D00F08092 /* PaymentAddTableViewCellTextView.xib */ = {isa = PBXFileReference; lastKnownFileType = file.xib; path = PaymentAddTableViewCellTextView.xib; sourceTree = "<group>"; };
		E5ED69EB1FCBBE6600FC5E1C /* GoogleService-Info.plist */ = {isa = PBXFileReference; fileEncoding = 4; lastKnownFileType = text.plist.xml; path = "GoogleService-Info.plist"; sourceTree = "<group>"; };
		E5ED69EE1FCFDA9E00FC5E1C /* PropertyViewTableViewCell.swift */ = {isa = PBXFileReference; lastKnownFileType = sourcecode.swift; path = PropertyViewTableViewCell.swift; sourceTree = "<group>"; };
		E5ED69EF1FCFDA9E00FC5E1C /* PropertyViewTableViewCell.xib */ = {isa = PBXFileReference; lastKnownFileType = file.xib; path = PropertyViewTableViewCell.xib; sourceTree = "<group>"; };
/* End PBXFileReference section */

/* Begin PBXFrameworksBuildPhase section */
		E5056D371F9EFDF000441F02 /* Frameworks */ = {
			isa = PBXFrameworksBuildPhase;
			buildActionMask = 2147483647;
			files = (
				7895D21F02FA7E9E3B23A431 /* Pods_Property_One_Dragon.framework in Frameworks */,
			);
			runOnlyForDeploymentPostprocessing = 0;
		};
/* End PBXFrameworksBuildPhase section */

/* Begin PBXGroup section */
		22544C1C6A93855F1AE780D1 /* Pods */ = {
			isa = PBXGroup;
			children = (
				29961CF744516238C7BCC217 /* Pods-Property_One_Dragon.debug.xcconfig */,
				2334945973566B9BE5F1B79B /* Pods-Property_One_Dragon.release.xcconfig */,
			);
			name = Pods;
			sourceTree = "<group>";
		};
		2A07BC9B3596BDF920D0CF18 /* Frameworks */ = {
			isa = PBXGroup;
			children = (
				8AC7163AABB205054B666E78 /* Pods_Property_One_Dragon.framework */,
			);
			name = Frameworks;
			sourceTree = "<group>";
		};
		E5056D311F9EFDF000441F02 = {
			isa = PBXGroup;
			children = (
				E5056D3C1F9EFDF000441F02 /* Property_One_Dragon */,
				E5056D3B1F9EFDF000441F02 /* Products */,
				22544C1C6A93855F1AE780D1 /* Pods */,
				2A07BC9B3596BDF920D0CF18 /* Frameworks */,
			);
			sourceTree = "<group>";
		};
		E5056D3B1F9EFDF000441F02 /* Products */ = {
			isa = PBXGroup;
			children = (
				E5056D3A1F9EFDF000441F02 /* Property_One_Dragon.app */,
			);
			name = Products;
			sourceTree = "<group>";
		};
		E5056D3C1F9EFDF000441F02 /* Property_One_Dragon */ = {
			isa = PBXGroup;
			children = (
				E5A782D31FF8C1E700C4C71D /* Property_One_Dragon.entitlements */,
				E5056D3D1F9EFDF000441F02 /* AppDelegate.swift */,
				E5056D411F9EFDF000441F02 /* Main.storyboard */,
				E5A782CE1FF6226000C4C71D /* UserAuth */,
				E5A0C4731FC8B74B00F55681 /* Property */,
				E5A0C4721FC8B73700F55681 /* Payment */,
				E558777020159C4F0012D483 /* LeaseAgreement */,
				E5ED69ED1FCBE73C00FC5E1C /* Models */,
				E53B2EB81FFF30D900E83866 /* Utilis */,
				E5056D441F9EFDF000441F02 /* Assets.xcassets */,
				E5056D461F9EFDF000441F02 /* LaunchScreen.storyboard */,
				E5056D491F9EFDF000441F02 /* Info.plist */,
				E5ED69EB1FCBBE6600FC5E1C /* GoogleService-Info.plist */,
			);
			path = Property_One_Dragon;
			sourceTree = "<group>";
		};
		E5229247204243650006B5AD /* Read */ = {
			isa = PBXGroup;
			children = (
				E5229248204243850006B5AD /* LeaseAgreementViewController.swift */,
				E522924A204364FC0006B5AD /* LeaseAgreementTableViewCell.swift */,
				E522924B204364FC0006B5AD /* LeaseAgreementTableViewCell.xib */,
			);
			path = Read;
			sourceTree = "<group>";
		};
		E522924E2043B3D40006B5AD /* Show */ = {
			isa = PBXGroup;
			children = (
				E522924F2043B4490006B5AD /* LeaseAgreementShowViewController.swift */,
			);
			path = Show;
			sourceTree = "<group>";
		};
		E539A1A0203D4FD7007B16D9 /* Tenant */ = {
			isa = PBXGroup;
			children = (
				E539A1A1203E9067007B16D9 /* TenantsViewController.swift */,
				E539A1A7203EA095007B16D9 /* TenantNewViewController.swift */,
				E539A1A3203E93B9007B16D9 /* TenantsTableViewCell.swift */,
				E539A1A4203E93B9007B16D9 /* TenantsTableViewCell.xib */,
			);
			path = Tenant;
			sourceTree = "<group>";
		};
		E53B2EB81FFF30D900E83866 /* Utilis */ = {
			isa = PBXGroup;
			children = (
				E53B2EBB2007C55900E83866 /* Service */,
				E5A0C4701FC8AB0000F55681 /* StructCollection.swift */,
				E53B2EB91FFF318700E83866 /* Config.swift */,
			);
			path = Utilis;
			sourceTree = "<group>";
		};
		E53B2EBB2007C55900E83866 /* Service */ = {
			isa = PBXGroup;
			children = (
				E53B2EBC2007C57900E83866 /* Service.swift */,
			);
			path = Service;
			sourceTree = "<group>";
		};
		E558777020159C4F0012D483 /* LeaseAgreement */ = {
			isa = PBXGroup;
			children = (
				E522924E2043B3D40006B5AD /* Show */,
				E5229247204243650006B5AD /* Read */,
				E55877752015A3E40012D483 /* Create */,
			);
			path = LeaseAgreement;
			sourceTree = "<group>";
		};
		E55877752015A3E40012D483 /* Create */ = {
			isa = PBXGroup;
			children = (
				E558776E20159C480012D483 /* LeaseAgreementAddViewController.swift */,
				E55877712015A3D00012D483 /* LAAddTableViewCell.swift */,
				E55877722015A3D00012D483 /* LAAddTableViewCell.xib */,
				E558777C2015BB410012D483 /* LeaseForm */,
				E539A1A0203D4FD7007B16D9 /* Tenant */,
			);
			path = Create;
			sourceTree = "<group>";
		};
		E558777C2015BB410012D483 /* LeaseForm */ = {
			isa = PBXGroup;
			children = (
				E558777A2015BB3A0012D483 /* leaseFormViewController.swift */,
			);
			path = LeaseForm;
			sourceTree = "<group>";
		};
		E572FA971FC772D100DA23F1 /* PaymentDetailTableCell */ = {
			isa = PBXGroup;
			children = (
				E572FA931FC772BE00DA23F1 /* PaymentDetailTableViewCellText.swift */,
				E572FA941FC772BE00DA23F1 /* PaymentDetailTableViewCellText.xib */,
				E5A782CA1FEE033100C4C71D /* PaymentDetailTableViewCellNotes.swift */,
				E5A782CB1FEE033100C4C71D /* PaymentDetailTableViewCellNotes.xib */,
			);
			path = PaymentDetailTableCell;
			sourceTree = "<group>";
		};
		E5A0C4721FC8B73700F55681 /* Payment */ = {
			isa = PBXGroup;
			children = (
				E5C27FA71FA838600002FC7A /* PaymentViewController.swift */,
				E5AA53231FDE708900A1FBE2 /* ViewCell */,
				E5B9DC5C1FAA36F3000C1999 /* PaymentDetailViewController.swift */,
				E5C27FA91FA838700002FC7A /* PaymentAddViewController.swift */,
				E5C4A6021FEB781E00F08092 /* PaymentDetailTextViewController.swift */,
				E572FA971FC772D100DA23F1 /* PaymentDetailTableCell */,
				E5E7AD621FC602410076CC97 /* PaymentAddTableCell */,
			);
			path = Payment;
			sourceTree = "<group>";
		};
		E5A0C4731FC8B74B00F55681 /* Property */ = {
			isa = PBXGroup;
			children = (
				E5056D511F9F000B00441F02 /* PropertyViewController.swift */,
				E5ED69F21FCFDAA300FC5E1C /* ViewCell */,
				E586EDFF1FB2A5FA00D7EB8F /* PropertyViewCustomCell.swift */,
				E5056D531FA18AEC00441F02 /* PropertyDetailViewController.swift */,
				E5056D571FA2FCE000441F02 /* PropertyAddViewController.swift */,
				E5A0C4741FC8C20900F55681 /* DetailCells */,
			);
			path = Property;
			sourceTree = "<group>";
		};
		E5A0C4741FC8C20900F55681 /* DetailCells */ = {
			isa = PBXGroup;
			children = (
				E5A0C4751FC8C2D000F55681 /* PropertyDetailTableViewCellText.swift */,
				E5A0C4761FC8C2D000F55681 /* PropertyDetailTableViewCellText.xib */,
				E5A0C4791FC8C48300F55681 /* PropertyDetailTableViewCellWithButton.swift */,
				E5A0C47A1FC8C48300F55681 /* PropertyDetailTableViewCellWithButton.xib */,
			);
			path = DetailCells;
			sourceTree = "<group>";
		};
		E5A782CE1FF6226000C4C71D /* UserAuth */ = {
			isa = PBXGroup;
			children = (
				E5056D3F1F9EFDF000441F02 /* ViewController.swift */,
				E5A782CF1FF6F84000C4C71D /* ProfileSettingViewController.swift */,
				E5A782D41FF9828F00C4C71D /* HomePageViewController.swift */,
				E5A782D81FFA079000C4C71D /* UserSignUpViewController.swift */,
			);
			path = UserAuth;
			sourceTree = "<group>";
		};
		E5AA53231FDE708900A1FBE2 /* ViewCell */ = {
			isa = PBXGroup;
			children = (
				E5AA53241FDE70AF00A1FBE2 /* PaymentTableViewCell.swift */,
				E5AA53251FDE70AF00A1FBE2 /* PaymentTableViewCell.xib */,
			);
			path = ViewCell;
			sourceTree = "<group>";
		};
		E5E7AD621FC602410076CC97 /* PaymentAddTableCell */ = {
			isa = PBXGroup;
			children = (
				E53853F91FBC13DD0091C2E0 /* PaymentAddTableViewCellTextField.swift */,
				E53853FA1FBC13DD0091C2E0 /* PaymentAddTableViewCellTextField.xib */,
				E53853FD1FBC14660091C2E0 /* PaymentAddTableViewCellSwitch.swift */,
				E53853FE1FBC14660091C2E0 /* PaymentAddTableViewCellSwitch.xib */,
				E5083B6A1FC2B12500CF9756 /* PaymentAddTableViewCellPicker.swift */,
				E5083B6B1FC2B12500CF9756 /* PaymentAddTableViewCellPicker.xib */,
				E5AA531F1FDE362A00A1FBE2 /* PaymentAddTableViewCellButton.swift */,
				E5AA53201FDE362A00A1FBE2 /* PaymentAddTableViewCellButton.xib */,
				E5C4A6041FEB833D00F08092 /* PaymentAddTableViewCellTextView.swift */,
				E5C4A6051FEB833D00F08092 /* PaymentAddTableViewCellTextView.xib */,
				E521226220186FF60008F0E0 /* PlaceholderTableViewCell.swift */,
				E521226320186FF60008F0E0 /* PlaceholderTableViewCell.xib */,
			);
			name = PaymentAddTableCell;
			path = ..;
			sourceTree = "<group>";
		};
		E5ED69ED1FCBE73C00FC5E1C /* Models */ = {
			isa = PBXGroup;
			children = (
				E5056D551FA19FE600441F02 /* Property.swift */,
				E5C27FA51FA700D70002FC7A /* Payment.swift */,
				E55877762015AEFE0012D483 /* LeaseAgreement.swift */,
				E55877782015B3C00012D483 /* LeaseAgreementDetails.swift */,
				E539A19E203D4E45007B16D9 /* LeaseAgreementTenant.swift */,
			);
			path = Models;
			sourceTree = "<group>";
		};
		E5ED69F21FCFDAA300FC5E1C /* ViewCell */ = {
			isa = PBXGroup;
			children = (
				E5ED69EE1FCFDA9E00FC5E1C /* PropertyViewTableViewCell.swift */,
				E5ED69EF1FCFDA9E00FC5E1C /* PropertyViewTableViewCell.xib */,
			);
			path = ViewCell;
			sourceTree = "<group>";
		};
/* End PBXGroup section */

/* Begin PBXNativeTarget section */
		E5056D391F9EFDF000441F02 /* Property_One_Dragon */ = {
			isa = PBXNativeTarget;
			buildConfigurationList = E5056D4C1F9EFDF000441F02 /* Build configuration list for PBXNativeTarget "Property_One_Dragon" */;
			buildPhases = (
				7844EF21D46EDD97A78CEB6B /* [CP] Check Pods Manifest.lock */,
				E5056D361F9EFDF000441F02 /* Sources */,
				E5056D371F9EFDF000441F02 /* Frameworks */,
				E5056D381F9EFDF000441F02 /* Resources */,
				57EB73F052DB57816773BC80 /* [CP] Embed Pods Frameworks */,
				FB111A364F9D112AD206A5C1 /* [CP] Copy Pods Resources */,
			);
			buildRules = (
			);
			dependencies = (
			);
			name = Property_One_Dragon;
			productName = Property_One_Dragon;
			productReference = E5056D3A1F9EFDF000441F02 /* Property_One_Dragon.app */;
			productType = "com.apple.product-type.application";
		};
/* End PBXNativeTarget section */

/* Begin PBXProject section */
		E5056D321F9EFDF000441F02 /* Project object */ = {
			isa = PBXProject;
			attributes = {
				LastSwiftUpdateCheck = 0830;
				LastUpgradeCheck = 0910;
				ORGANIZATIONNAME = BruinSquare;
				TargetAttributes = {
					E5056D391F9EFDF000441F02 = {
						CreatedOnToolsVersion = 8.3;
						DevelopmentTeam = 5FP5HD6HPX;
						LastSwiftMigration = 0910;
						ProvisioningStyle = Automatic;
						SystemCapabilities = {
							com.apple.Keychain = {
								enabled = 0;
							};
						};
					};
				};
			};
			buildConfigurationList = E5056D351F9EFDF000441F02 /* Build configuration list for PBXProject "Property_One_Dragon" */;
			compatibilityVersion = "Xcode 3.2";
			developmentRegion = English;
			hasScannedForEncodings = 0;
			knownRegions = (
				en,
				Base,
			);
			mainGroup = E5056D311F9EFDF000441F02;
			productRefGroup = E5056D3B1F9EFDF000441F02 /* Products */;
			projectDirPath = "";
			projectRoot = "";
			targets = (
				E5056D391F9EFDF000441F02 /* Property_One_Dragon */,
			);
		};
/* End PBXProject section */

/* Begin PBXResourcesBuildPhase section */
		E5056D381F9EFDF000441F02 /* Resources */ = {
			isa = PBXResourcesBuildPhase;
			buildActionMask = 2147483647;
			files = (
				E521226520186FF60008F0E0 /* PlaceholderTableViewCell.xib in Resources */,
				E55877742015A3D00012D483 /* LAAddTableViewCell.xib in Resources */,
				E5AA53271FDE70AF00A1FBE2 /* PaymentTableViewCell.xib in Resources */,
				E5056D481F9EFDF000441F02 /* LaunchScreen.storyboard in Resources */,
				E5A0C47C1FC8C48300F55681 /* PropertyDetailTableViewCellWithButton.xib in Resources */,
				E522924D204364FC0006B5AD /* LeaseAgreementTableViewCell.xib in Resources */,
				E572FA961FC772BF00DA23F1 /* PaymentDetailTableViewCellText.xib in Resources */,
				E5C4A6071FEB833D00F08092 /* PaymentAddTableViewCellTextView.xib in Resources */,
				E5ED69F11FCFDA9E00FC5E1C /* PropertyViewTableViewCell.xib in Resources */,
				E5A782CD1FEE033100C4C71D /* PaymentDetailTableViewCellNotes.xib in Resources */,
				E5056D451F9EFDF000441F02 /* Assets.xcassets in Resources */,
				E5083B6D1FC2B12500CF9756 /* PaymentAddTableViewCellPicker.xib in Resources */,
				E5A0C4781FC8C2D000F55681 /* PropertyDetailTableViewCellText.xib in Resources */,
				E53853FC1FBC13DD0091C2E0 /* PaymentAddTableViewCellTextField.xib in Resources */,
				E539A1A6203E93B9007B16D9 /* TenantsTableViewCell.xib in Resources */,
				E5AA53221FDE362A00A1FBE2 /* PaymentAddTableViewCellButton.xib in Resources */,
				E5ED69EC1FCBBE6700FC5E1C /* GoogleService-Info.plist in Resources */,
				E53854001FBC14660091C2E0 /* PaymentAddTableViewCellSwitch.xib in Resources */,
				E5056D431F9EFDF000441F02 /* Main.storyboard in Resources */,
			);
			runOnlyForDeploymentPostprocessing = 0;
		};
/* End PBXResourcesBuildPhase section */

/* Begin PBXShellScriptBuildPhase section */
		57EB73F052DB57816773BC80 /* [CP] Embed Pods Frameworks */ = {
			isa = PBXShellScriptBuildPhase;
			buildActionMask = 2147483647;
			files = (
			);
			inputPaths = (
				"${SRCROOT}/Pods/Target Support Files/Pods-Property_One_Dragon/Pods-Property_One_Dragon-frameworks.sh",
				"${BUILT_PRODUCTS_DIR}/GTMSessionFetcher/GTMSessionFetcher.framework",
				"${BUILT_PRODUCTS_DIR}/GoogleToolboxForMac/GoogleToolboxForMac.framework",
				"${BUILT_PRODUCTS_DIR}/leveldb-library/leveldb.framework",
				"${BUILT_PRODUCTS_DIR}/nanopb/nanopb.framework",
			);
			name = "[CP] Embed Pods Frameworks";
			outputPaths = (
				"${TARGET_BUILD_DIR}/${FRAMEWORKS_FOLDER_PATH}/GTMSessionFetcher.framework",
				"${TARGET_BUILD_DIR}/${FRAMEWORKS_FOLDER_PATH}/GoogleToolboxForMac.framework",
				"${TARGET_BUILD_DIR}/${FRAMEWORKS_FOLDER_PATH}/leveldb.framework",
				"${TARGET_BUILD_DIR}/${FRAMEWORKS_FOLDER_PATH}/nanopb.framework",
			);
			runOnlyForDeploymentPostprocessing = 0;
			shellPath = /bin/sh;
			shellScript = "\"${SRCROOT}/Pods/Target Support Files/Pods-Property_One_Dragon/Pods-Property_One_Dragon-frameworks.sh\"\n";
			showEnvVarsInLog = 0;
		};
		7844EF21D46EDD97A78CEB6B /* [CP] Check Pods Manifest.lock */ = {
			isa = PBXShellScriptBuildPhase;
			buildActionMask = 2147483647;
			files = (
			);
			inputPaths = (
				"${PODS_PODFILE_DIR_PATH}/Podfile.lock",
				"${PODS_ROOT}/Manifest.lock",
			);
			name = "[CP] Check Pods Manifest.lock";
			outputPaths = (
				"$(DERIVED_FILE_DIR)/Pods-Property_One_Dragon-checkManifestLockResult.txt",
			);
			runOnlyForDeploymentPostprocessing = 0;
			shellPath = /bin/sh;
			shellScript = "diff \"${PODS_PODFILE_DIR_PATH}/Podfile.lock\" \"${PODS_ROOT}/Manifest.lock\" > /dev/null\nif [ $? != 0 ] ; then\n    # print error to STDERR\n    echo \"error: The sandbox is not in sync with the Podfile.lock. Run 'pod install' or update your CocoaPods installation.\" >&2\n    exit 1\nfi\n# This output is used by Xcode 'outputs' to avoid re-running this script phase.\necho \"SUCCESS\" > \"${SCRIPT_OUTPUT_FILE_0}\"\n";
			showEnvVarsInLog = 0;
		};
		FB111A364F9D112AD206A5C1 /* [CP] Copy Pods Resources */ = {
			isa = PBXShellScriptBuildPhase;
			buildActionMask = 2147483647;
			files = (
			);
			inputPaths = (
			);
			name = "[CP] Copy Pods Resources";
			outputPaths = (
			);
			runOnlyForDeploymentPostprocessing = 0;
			shellPath = /bin/sh;
			shellScript = "\"${SRCROOT}/Pods/Target Support Files/Pods-Property_One_Dragon/Pods-Property_One_Dragon-resources.sh\"\n";
			showEnvVarsInLog = 0;
		};
/* End PBXShellScriptBuildPhase section */

/* Begin PBXSourcesBuildPhase section */
		E5056D361F9EFDF000441F02 /* Sources */ = {
			isa = PBXSourcesBuildPhase;
			buildActionMask = 2147483647;
			files = (
				E5AA53211FDE362A00A1FBE2 /* PaymentAddTableViewCellButton.swift in Sources */,
				E5056D561FA19FE600441F02 /* Property.swift in Sources */,
				E52292502043B4490006B5AD /* LeaseAgreementShowViewController.swift in Sources */,
				E5A0C4711FC8AB0000F55681 /* StructCollection.swift in Sources */,
				E5A0C4771FC8C2D000F55681 /* PropertyDetailTableViewCellText.swift in Sources */,
				E5C27FA81FA838600002FC7A /* PaymentViewController.swift in Sources */,
				E5AA53261FDE70AF00A1FBE2 /* PaymentTableViewCell.swift in Sources */,
				E5056D541FA18AEC00441F02 /* PropertyDetailViewController.swift in Sources */,
				E572FA951FC772BE00DA23F1 /* PaymentDetailTableViewCellText.swift in Sources */,
				E5056D401F9EFDF000441F02 /* ViewController.swift in Sources */,
				E5ED69F01FCFDA9E00FC5E1C /* PropertyViewTableViewCell.swift in Sources */,
				E5B9DC5D1FAA36F3000C1999 /* PaymentDetailViewController.swift in Sources */,
				E539A1A5203E93B9007B16D9 /* TenantsTableViewCell.swift in Sources */,
				E586EE001FB2A5FA00D7EB8F /* PropertyViewCustomCell.swift in Sources */,
				E53B2EBD2007C57900E83866 /* Service.swift in Sources */,
				E5229249204243850006B5AD /* LeaseAgreementViewController.swift in Sources */,
				E5C27FA61FA700D70002FC7A /* Payment.swift in Sources */,
				E55877732015A3D00012D483 /* LAAddTableViewCell.swift in Sources */,
				E5A782CC1FEE033100C4C71D /* PaymentDetailTableViewCellNotes.swift in Sources */,
				E521226420186FF60008F0E0 /* PlaceholderTableViewCell.swift in Sources */,
				E5C27FAA1FA838700002FC7A /* PaymentAddViewController.swift in Sources */,
				E55877772015AEFE0012D483 /* LeaseAgreement.swift in Sources */,
				E5056D521F9F000B00441F02 /* PropertyViewController.swift in Sources */,
				E5056D3E1F9EFDF000441F02 /* AppDelegate.swift in Sources */,
				E53B2EBA1FFF318700E83866 /* Config.swift in Sources */,
				E5C4A6061FEB833D00F08092 /* PaymentAddTableViewCellTextView.swift in Sources */,
				E539A1A2203E9067007B16D9 /* TenantsViewController.swift in Sources */,
				E5083B6C1FC2B12500CF9756 /* PaymentAddTableViewCellPicker.swift in Sources */,
				E53853FB1FBC13DD0091C2E0 /* PaymentAddTableViewCellTextField.swift in Sources */,
				E539A19F203D4E45007B16D9 /* LeaseAgreementTenant.swift in Sources */,
				E5A782D91FFA079000C4C71D /* UserSignUpViewController.swift in Sources */,
				E5A782D51FF9828F00C4C71D /* HomePageViewController.swift in Sources */,
				E5A0C47B1FC8C48300F55681 /* PropertyDetailTableViewCellWithButton.swift in Sources */,
				E558777B2015BB3A0012D483 /* leaseFormViewController.swift in Sources */,
				E539A1A8203EA095007B16D9 /* TenantNewViewController.swift in Sources */,
				E55877792015B3C00012D483 /* LeaseAgreementDetails.swift in Sources */,
				E5056D581FA2FCE000441F02 /* PropertyAddViewController.swift in Sources */,
				E5A782D11FF6F84000C4C71D /* ProfileSettingViewController.swift in Sources */,
				E53853FF1FBC14660091C2E0 /* PaymentAddTableViewCellSwitch.swift in Sources */,
				E522924C204364FC0006B5AD /* LeaseAgreementTableViewCell.swift in Sources */,
				E558776F20159C480012D483 /* LeaseAgreementAddViewController.swift in Sources */,
				E5C4A6031FEB781E00F08092 /* PaymentDetailTextViewController.swift in Sources */,
			);
			runOnlyForDeploymentPostprocessing = 0;
		};
/* End PBXSourcesBuildPhase section */

/* Begin PBXVariantGroup section */
		E5056D411F9EFDF000441F02 /* Main.storyboard */ = {
			isa = PBXVariantGroup;
			children = (
				E5056D421F9EFDF000441F02 /* Base */,
			);
			name = Main.storyboard;
			sourceTree = "<group>";
		};
		E5056D461F9EFDF000441F02 /* LaunchScreen.storyboard */ = {
			isa = PBXVariantGroup;
			children = (
				E5056D471F9EFDF000441F02 /* Base */,
			);
			name = LaunchScreen.storyboard;
			sourceTree = "<group>";
		};
/* End PBXVariantGroup section */

/* Begin XCBuildConfiguration section */
		E5056D4A1F9EFDF000441F02 /* Debug */ = {
			isa = XCBuildConfiguration;
			buildSettings = {
				ALWAYS_SEARCH_USER_PATHS = NO;
				CLANG_ANALYZER_NONNULL = YES;
				CLANG_ANALYZER_NUMBER_OBJECT_CONVERSION = YES_AGGRESSIVE;
				CLANG_CXX_LANGUAGE_STANDARD = "gnu++0x";
				CLANG_CXX_LIBRARY = "libc++";
				CLANG_ENABLE_MODULES = YES;
				CLANG_ENABLE_OBJC_ARC = YES;
				CLANG_WARN_BLOCK_CAPTURE_AUTORELEASING = YES;
				CLANG_WARN_BOOL_CONVERSION = YES;
				CLANG_WARN_COMMA = YES;
				CLANG_WARN_CONSTANT_CONVERSION = YES;
				CLANG_WARN_DIRECT_OBJC_ISA_USAGE = YES_ERROR;
				CLANG_WARN_DOCUMENTATION_COMMENTS = YES;
				CLANG_WARN_EMPTY_BODY = YES;
				CLANG_WARN_ENUM_CONVERSION = YES;
				CLANG_WARN_INFINITE_RECURSION = YES;
				CLANG_WARN_INT_CONVERSION = YES;
				CLANG_WARN_NON_LITERAL_NULL_CONVERSION = YES;
				CLANG_WARN_OBJC_LITERAL_CONVERSION = YES;
				CLANG_WARN_OBJC_ROOT_CLASS = YES_ERROR;
				CLANG_WARN_RANGE_LOOP_ANALYSIS = YES;
				CLANG_WARN_STRICT_PROTOTYPES = YES;
				CLANG_WARN_SUSPICIOUS_MOVE = YES;
				CLANG_WARN_UNREACHABLE_CODE = YES;
				CLANG_WARN__DUPLICATE_METHOD_MATCH = YES;
				"CODE_SIGN_IDENTITY[sdk=iphoneos*]" = "iPhone Developer";
				COPY_PHASE_STRIP = NO;
				DEBUG_INFORMATION_FORMAT = dwarf;
				ENABLE_STRICT_OBJC_MSGSEND = YES;
				ENABLE_TESTABILITY = YES;
				GCC_C_LANGUAGE_STANDARD = gnu99;
				GCC_DYNAMIC_NO_PIC = NO;
				GCC_NO_COMMON_BLOCKS = YES;
				GCC_OPTIMIZATION_LEVEL = 0;
				GCC_PREPROCESSOR_DEFINITIONS = (
					"DEBUG=1",
					"$(inherited)",
				);
				GCC_WARN_64_TO_32_BIT_CONVERSION = YES;
				GCC_WARN_ABOUT_RETURN_TYPE = YES_ERROR;
				GCC_WARN_UNDECLARED_SELECTOR = YES;
				GCC_WARN_UNINITIALIZED_AUTOS = YES_AGGRESSIVE;
				GCC_WARN_UNUSED_FUNCTION = YES;
				GCC_WARN_UNUSED_VARIABLE = YES;
				IPHONEOS_DEPLOYMENT_TARGET = 10.3;
				MTL_ENABLE_DEBUG_INFO = YES;
				ONLY_ACTIVE_ARCH = YES;
				SDKROOT = iphoneos;
				SWIFT_ACTIVE_COMPILATION_CONDITIONS = DEBUG;
				SWIFT_OPTIMIZATION_LEVEL = "-Onone";
			};
			name = Debug;
		};
		E5056D4B1F9EFDF000441F02 /* Release */ = {
			isa = XCBuildConfiguration;
			buildSettings = {
				ALWAYS_SEARCH_USER_PATHS = NO;
				CLANG_ANALYZER_NONNULL = YES;
				CLANG_ANALYZER_NUMBER_OBJECT_CONVERSION = YES_AGGRESSIVE;
				CLANG_CXX_LANGUAGE_STANDARD = "gnu++0x";
				CLANG_CXX_LIBRARY = "libc++";
				CLANG_ENABLE_MODULES = YES;
				CLANG_ENABLE_OBJC_ARC = YES;
				CLANG_WARN_BLOCK_CAPTURE_AUTORELEASING = YES;
				CLANG_WARN_BOOL_CONVERSION = YES;
				CLANG_WARN_COMMA = YES;
				CLANG_WARN_CONSTANT_CONVERSION = YES;
				CLANG_WARN_DIRECT_OBJC_ISA_USAGE = YES_ERROR;
				CLANG_WARN_DOCUMENTATION_COMMENTS = YES;
				CLANG_WARN_EMPTY_BODY = YES;
				CLANG_WARN_ENUM_CONVERSION = YES;
				CLANG_WARN_INFINITE_RECURSION = YES;
				CLANG_WARN_INT_CONVERSION = YES;
				CLANG_WARN_NON_LITERAL_NULL_CONVERSION = YES;
				CLANG_WARN_OBJC_LITERAL_CONVERSION = YES;
				CLANG_WARN_OBJC_ROOT_CLASS = YES_ERROR;
				CLANG_WARN_RANGE_LOOP_ANALYSIS = YES;
				CLANG_WARN_STRICT_PROTOTYPES = YES;
				CLANG_WARN_SUSPICIOUS_MOVE = YES;
				CLANG_WARN_UNREACHABLE_CODE = YES;
				CLANG_WARN__DUPLICATE_METHOD_MATCH = YES;
				"CODE_SIGN_IDENTITY[sdk=iphoneos*]" = "iPhone Developer";
				COPY_PHASE_STRIP = NO;
				DEBUG_INFORMATION_FORMAT = "dwarf-with-dsym";
				ENABLE_NS_ASSERTIONS = NO;
				ENABLE_STRICT_OBJC_MSGSEND = YES;
				GCC_C_LANGUAGE_STANDARD = gnu99;
				GCC_NO_COMMON_BLOCKS = YES;
				GCC_WARN_64_TO_32_BIT_CONVERSION = YES;
				GCC_WARN_ABOUT_RETURN_TYPE = YES_ERROR;
				GCC_WARN_UNDECLARED_SELECTOR = YES;
				GCC_WARN_UNINITIALIZED_AUTOS = YES_AGGRESSIVE;
				GCC_WARN_UNUSED_FUNCTION = YES;
				GCC_WARN_UNUSED_VARIABLE = YES;
				IPHONEOS_DEPLOYMENT_TARGET = 10.3;
				MTL_ENABLE_DEBUG_INFO = NO;
				SDKROOT = iphoneos;
				SWIFT_OPTIMIZATION_LEVEL = "-Owholemodule";
				VALIDATE_PRODUCT = YES;
			};
			name = Release;
		};
		E5056D4D1F9EFDF000441F02 /* Debug */ = {
			isa = XCBuildConfiguration;
			baseConfigurationReference = 29961CF744516238C7BCC217 /* Pods-Property_One_Dragon.debug.xcconfig */;
			buildSettings = {
				ASSETCATALOG_COMPILER_APPICON_NAME = AppIcon;
				DEVELOPMENT_TEAM = 5FP5HD6HPX;
				INFOPLIST_FILE = Property_One_Dragon/Info.plist;
				LD_RUNPATH_SEARCH_PATHS = "$(inherited) @executable_path/Frameworks";
				PRODUCT_BUNDLE_IDENTIFIER = com.bruinsquare.propertyman;
				PRODUCT_NAME = "$(TARGET_NAME)";
				SWIFT_SWIFT3_OBJC_INFERENCE = On;
				SWIFT_VERSION = 4.0;
			};
			name = Debug;
		};
		E5056D4E1F9EFDF000441F02 /* Release */ = {
			isa = XCBuildConfiguration;
			baseConfigurationReference = 2334945973566B9BE5F1B79B /* Pods-Property_One_Dragon.release.xcconfig */;
			buildSettings = {
				ASSETCATALOG_COMPILER_APPICON_NAME = AppIcon;
				DEVELOPMENT_TEAM = 5FP5HD6HPX;
				INFOPLIST_FILE = Property_One_Dragon/Info.plist;
				LD_RUNPATH_SEARCH_PATHS = "$(inherited) @executable_path/Frameworks";
				PRODUCT_BUNDLE_IDENTIFIER = com.bruinsquare.propertyman;
				PRODUCT_NAME = "$(TARGET_NAME)";
				SWIFT_SWIFT3_OBJC_INFERENCE = On;
				SWIFT_VERSION = 4.0;
			};
			name = Release;
		};
/* End XCBuildConfiguration section */

/* Begin XCConfigurationList section */
		E5056D351F9EFDF000441F02 /* Build configuration list for PBXProject "Property_One_Dragon" */ = {
			isa = XCConfigurationList;
			buildConfigurations = (
				E5056D4A1F9EFDF000441F02 /* Debug */,
				E5056D4B1F9EFDF000441F02 /* Release */,
			);
			defaultConfigurationIsVisible = 0;
			defaultConfigurationName = Release;
		};
		E5056D4C1F9EFDF000441F02 /* Build configuration list for PBXNativeTarget "Property_One_Dragon" */ = {
			isa = XCConfigurationList;
			buildConfigurations = (
				E5056D4D1F9EFDF000441F02 /* Debug */,
				E5056D4E1F9EFDF000441F02 /* Release */,
			);
			defaultConfigurationIsVisible = 0;
			defaultConfigurationName = Release;
		};
/* End XCConfigurationList section */
	};
	rootObject = E5056D321F9EFDF000441F02 /* Project object */;
}
